
Microsoft Visual Studio Solution File, Format Version 12.00
# Visual Studio Version 17
VisualStudioVersion = 17.9.34622.214
MinimumVisualStudioVersion = 10.0.40219.1
Project("{FAE04EC0-301F-11D3-BF4B-00C04F79EFBC}") = "CelestialObject", "CelestialObject.csproj", "{B00A4D9B-EA8A-4BCF-910C-5F2BABDEEC18}"
EndProject
Global
	GlobalSection(SolutionConfigurationPlatforms) = preSolution
		Debug|Any CPU = Debug|Any CPU
		Release|Any CPU = Release|Any CPU
	EndGlobalSection
	GlobalSection(ProjectConfigurationPlatforms) = postSolution
		{B00A4D9B-EA8A-4BCF-910C-5F2BABDEEC18}.Debug|Any CPU.ActiveCfg = Debug|Any CPU
		{B00A4D9B-EA8A-4BCF-910C-5F2BABDEEC18}.Debug|Any CPU.Build.0 = Debug|Any CPU
		{B00A4D9B-EA8A-4BCF-910C-5F2BABDEEC18}.Release|Any CPU.ActiveCfg = Release|Any CPU
		{B00A4D9B-EA8A-4BCF-910C-5F2BABDEEC18}.Release|Any CPU.Build.0 = Release|Any CPU
	EndGlobalSection
	GlobalSection(SolutionProperties) = preSolution
		HideSolutionNode = FALSE
	EndGlobalSection
	GlobalSection(ExtensibilityGlobals) = postSolution
		SolutionGuid = {F7EB9CDE-DDF8-411F-82ED-42C1720F5BFA}
	EndGlobalSection
EndGlobal
